
Microsoft Visual Studio Solution File, Format Version 12.00
# Visual Studio Version 16
VisualStudioVersion = 16.0.30114.105
MinimumVisualStudioVersion = 10.0.40219.1
Project("{FAE04EC0-301F-11D3-BF4B-00C04F79EFBC}") = "Covid-19ReconocimientoFacial", "Covid-19ReconocimientoFacial.csproj", "{6A272587-67EC-416F-A359-288D920B1BC4}"
EndProject
Project("{FAE04EC0-301F-11D3-BF4B-00C04F79EFBC}") = "CapaEntidades", "CapaEntidades\CapaEntidades.csproj", "{742DF143-75BA-4F23-BCB2-8E769109241E}"
EndProject
Project("{FAE04EC0-301F-11D3-BF4B-00C04F79EFBC}") = "CapaNegocio", "CapaNegocio\CapaNegocio.csproj", "{A2C5494F-4B34-44F7-9958-58FA3FA4CA6F}"
EndProject
Project("{FAE04EC0-301F-11D3-BF4B-00C04F79EFBC}") = "CapaDatos", "CapaDatos\CapaDatos.csproj", "{FD5DD287-03BB-4754-A5B9-8106DC60E91A}"
EndProject
Global
	GlobalSection(SolutionConfigurationPlatforms) = preSolution
		Debug|Any CPU = Debug|Any CPU
		Release|Any CPU = Release|Any CPU
	EndGlobalSection
	GlobalSection(ProjectConfigurationPlatforms) = postSolution
		{6A272587-67EC-416F-A359-288D920B1BC4}.Debug|Any CPU.ActiveCfg = Debug|Any CPU
		{6A272587-67EC-416F-A359-288D920B1BC4}.Debug|Any CPU.Build.0 = Debug|Any CPU
		{6A272587-67EC-416F-A359-288D920B1BC4}.Release|Any CPU.ActiveCfg = Release|Any CPU
		{6A272587-67EC-416F-A359-288D920B1BC4}.Release|Any CPU.Build.0 = Release|Any CPU
		{742DF143-75BA-4F23-BCB2-8E769109241E}.Debug|Any CPU.ActiveCfg = Debug|Any CPU
		{742DF143-75BA-4F23-BCB2-8E769109241E}.Debug|Any CPU.Build.0 = Debug|Any CPU
		{742DF143-75BA-4F23-BCB2-8E769109241E}.Release|Any CPU.ActiveCfg = Release|Any CPU
		{742DF143-75BA-4F23-BCB2-8E769109241E}.Release|Any CPU.Build.0 = Release|Any CPU
		{A2C5494F-4B34-44F7-9958-58FA3FA4CA6F}.Debug|Any CPU.ActiveCfg = Debug|Any CPU
		{A2C5494F-4B34-44F7-9958-58FA3FA4CA6F}.Debug|Any CPU.Build.0 = Debug|Any CPU
		{A2C5494F-4B34-44F7-9958-58FA3FA4CA6F}.Release|Any CPU.ActiveCfg = Release|Any CPU
		{A2C5494F-4B34-44F7-9958-58FA3FA4CA6F}.Release|Any CPU.Build.0 = Release|Any CPU
		{FD5DD287-03BB-4754-A5B9-8106DC60E91A}.Debug|Any CPU.ActiveCfg = Debug|Any CPU
		{FD5DD287-03BB-4754-A5B9-8106DC60E91A}.Debug|Any CPU.Build.0 = Debug|Any CPU
		{FD5DD287-03BB-4754-A5B9-8106DC60E91A}.Release|Any CPU.ActiveCfg = Release|Any CPU
		{FD5DD287-03BB-4754-A5B9-8106DC60E91A}.Release|Any CPU.Build.0 = Release|Any CPU
	EndGlobalSection
	GlobalSection(SolutionProperties) = preSolution
		HideSolutionNode = FALSE
	EndGlobalSection
	GlobalSection(ExtensibilityGlobals) = postSolution
		SolutionGuid = {46087442-F7A6-4F26-880D-8F73A2138853}
	EndGlobalSection
EndGlobal
